<?xml version="1.0" encoding="UTF-8" standalone="yes" ?>
<CodeBlocks_project_file>
	<FileVersion major="1" minor="6" />
	<Project>
		<Option title="genetic-optimizer-master" />
		<Option pch_mode="2" />
		<Option compiler="gcc" />
		<Build>
			<Target title="Release">
				<Option output="bin/Release/genetic-optimizer-master" prefix_auto="1" extension_auto="1" />
				<Option object_output="obj/Release/" />
				<Option type="1" />
				<Option compiler="gcc" />
				<Compiler>
					<Add option="-O2" />
				</Compiler>
				<Linker>
					<Add option="-s" />
				</Linker>
			</Target>
		</Build>
		<Compiler>
			<Add option="-Wall" />
		</Compiler>
		<Unit filename="../src/include/structs.h" />
		<Unit filename="../src/main.c">
			<Option compilerVar="CC" />
		</Unit>
		<Unit filename="../tests/Teste_00.dat.txt" />
		<Unit filename="../tests/Teste_01.txt" />
		<Unit filename="../tests/Teste_02.dat.txt" />
		<Unit filename="../tests/Teste_03.dat.txt" />
		<Unit filename="../tests/Teste_04.dat.txt" />
		<Unit filename="../tests/Teste_05.dat.txt" />
		<Unit filename="../tests/Wren_01.dat.txt" />
		<Unit filename="../tests/Wren_02.dat.txt" />
		<Unit filename="../tests/Wren_03.dat.txt" />
		<Unit filename="../tests/Wren_04.dat.txt" />
		<Extensions>
			<code_completion />
			<debugger />
		</Extensions>
	</Project>
</CodeBlocks_project_file>
